
Microsoft Visual Studio Solution File, Format Version 12.00
# Visual Studio Version 17
VisualStudioVersion = 17.10.35122.118
MinimumVisualStudioVersion = 10.0.40219.1
Project("{FAE04EC0-301F-11D3-BF4B-00C04F79EFBC}") = "CS2ADanielDeLara_MVCPROJECT", "CS2ADanielDeLara_MVCPROJECT\CS2ADanielDeLara_MVCPROJECT.csproj", "{1464A950-C0DF-4822-A89D-73A7C56C1C09}"
EndProject
Project("{FAE04EC0-301F-11D3-BF4B-00C04F79EFBC}") = "CS2ADanielDeLara_MVCPROJECT.BusLogic", "CS2ADanielDeLara_MVCPROJECT.BusLogic\CS2ADanielDeLara_MVCPROJECT.BusLogic.csproj", "{83DC6155-F9AC-432F-A02B-523C05F35F2A}"
EndProject
Global
	GlobalSection(SolutionConfigurationPlatforms) = preSolution
		Debug|Any CPU = Debug|Any CPU
		Release|Any CPU = Release|Any CPU
	EndGlobalSection
	GlobalSection(ProjectConfigurationPlatforms) = postSolution
		{1464A950-C0DF-4822-A89D-73A7C56C1C09}.Debug|Any CPU.ActiveCfg = Debug|Any CPU
		{1464A950-C0DF-4822-A89D-73A7C56C1C09}.Debug|Any CPU.Build.0 = Debug|Any CPU
		{1464A950-C0DF-4822-A89D-73A7C56C1C09}.Release|Any CPU.ActiveCfg = Release|Any CPU
		{1464A950-C0DF-4822-A89D-73A7C56C1C09}.Release|Any CPU.Build.0 = Release|Any CPU
		{83DC6155-F9AC-432F-A02B-523C05F35F2A}.Debug|Any CPU.ActiveCfg = Debug|Any CPU
		{83DC6155-F9AC-432F-A02B-523C05F35F2A}.Debug|Any CPU.Build.0 = Debug|Any CPU
		{83DC6155-F9AC-432F-A02B-523C05F35F2A}.Release|Any CPU.ActiveCfg = Release|Any CPU
		{83DC6155-F9AC-432F-A02B-523C05F35F2A}.Release|Any CPU.Build.0 = Release|Any CPU
	EndGlobalSection
	GlobalSection(SolutionProperties) = preSolution
		HideSolutionNode = FALSE
	EndGlobalSection
	GlobalSection(ExtensibilityGlobals) = postSolution
		SolutionGuid = {847A25DB-0BB1-4268-AC93-F9449FCBB62B}
	EndGlobalSection
EndGlobal
